
Microsoft Visual Studio Solution File, Format Version 12.00
# Visual Studio 2012
Project("{FAE04EC0-301F-11D3-BF4B-00C04F79EFBC}") = "NeuroLoopGainLibrary", "Library\NeuroLoopGainLibrary.csproj", "{25104B9D-3D18-4BF0-B901-FCBECFD41BCB}"
EndProject
Project("{FAE04EC0-301F-11D3-BF4B-00C04F79EFBC}") = "TCC", "Source\TCC.csproj", "{8639B6D7-DAA9-4F1D-94CC-46D62691D90D}"
EndProject
Project("{6141683F-8A12-4E36-9623-2EB02B2C2303}") = "Setup TCC", "Setup TCC\Setup TCC.isproj", "{D176DA41-12B8-454E-BF6F-AC61BD6C68A8}"
EndProject
Global
	GlobalSection(SolutionConfigurationPlatforms) = preSolution
		CD_ROM|Any CPU = CD_ROM|Any CPU
		CD_ROM|Mixed Platforms = CD_ROM|Mixed Platforms
		CD_ROM|x86 = CD_ROM|x86
		Debug|Any CPU = Debug|Any CPU
		Debug|Mixed Platforms = Debug|Mixed Platforms
		Debug|x86 = Debug|x86
		DVD-5|Any CPU = DVD-5|Any CPU
		DVD-5|Mixed Platforms = DVD-5|Mixed Platforms
		DVD-5|x86 = DVD-5|x86
		Release|Any CPU = Release|Any CPU
		Release|Mixed Platforms = Release|Mixed Platforms
		Release|x86 = Release|x86
		SingleImage|Any CPU = SingleImage|Any CPU
		SingleImage|Mixed Platforms = SingleImage|Mixed Platforms
		SingleImage|x86 = SingleImage|x86
	EndGlobalSection
	GlobalSection(ProjectConfigurationPlatforms) = postSolution
		{25104B9D-3D18-4BF0-B901-FCBECFD41BCB}.CD_ROM|Any CPU.ActiveCfg = Release|Any CPU
		{25104B9D-3D18-4BF0-B901-FCBECFD41BCB}.CD_ROM|Any CPU.Build.0 = Release|Any CPU
		{25104B9D-3D18-4BF0-B901-FCBECFD41BCB}.CD_ROM|Mixed Platforms.ActiveCfg = Release|Any CPU
		{25104B9D-3D18-4BF0-B901-FCBECFD41BCB}.CD_ROM|Mixed Platforms.Build.0 = Release|Any CPU
		{25104B9D-3D18-4BF0-B901-FCBECFD41BCB}.CD_ROM|x86.ActiveCfg = Release|Any CPU
		{25104B9D-3D18-4BF0-B901-FCBECFD41BCB}.Debug|Any CPU.ActiveCfg = Debug|Any CPU
		{25104B9D-3D18-4BF0-B901-FCBECFD41BCB}.Debug|Any CPU.Build.0 = Debug|Any CPU
		{25104B9D-3D18-4BF0-B901-FCBECFD41BCB}.Debug|Mixed Platforms.ActiveCfg = Debug|Any CPU
		{25104B9D-3D18-4BF0-B901-FCBECFD41BCB}.Debug|Mixed Platforms.Build.0 = Debug|Any CPU
		{25104B9D-3D18-4BF0-B901-FCBECFD41BCB}.Debug|x86.ActiveCfg = Debug|Any CPU
		{25104B9D-3D18-4BF0-B901-FCBECFD41BCB}.DVD-5|Any CPU.ActiveCfg = Debug|Any CPU
		{25104B9D-3D18-4BF0-B901-FCBECFD41BCB}.DVD-5|Any CPU.Build.0 = Debug|Any CPU
		{25104B9D-3D18-4BF0-B901-FCBECFD41BCB}.DVD-5|Mixed Platforms.ActiveCfg = Debug|Any CPU
		{25104B9D-3D18-4BF0-B901-FCBECFD41BCB}.DVD-5|Mixed Platforms.Build.0 = Debug|Any CPU
		{25104B9D-3D18-4BF0-B901-FCBECFD41BCB}.DVD-5|x86.ActiveCfg = Debug|Any CPU
		{25104B9D-3D18-4BF0-B901-FCBECFD41BCB}.Release|Any CPU.ActiveCfg = Release|Any CPU
		{25104B9D-3D18-4BF0-B901-FCBECFD41BCB}.Release|Any CPU.Build.0 = Release|Any CPU
		{25104B9D-3D18-4BF0-B901-FCBECFD41BCB}.Release|Mixed Platforms.ActiveCfg = Release|Any CPU
		{25104B9D-3D18-4BF0-B901-FCBECFD41BCB}.Release|Mixed Platforms.Build.0 = Release|Any CPU
		{25104B9D-3D18-4BF0-B901-FCBECFD41BCB}.Release|x86.ActiveCfg = Release|Any CPU
		{25104B9D-3D18-4BF0-B901-FCBECFD41BCB}.SingleImage|Any CPU.ActiveCfg = Release|Any CPU
		{25104B9D-3D18-4BF0-B901-FCBECFD41BCB}.SingleImage|Any CPU.Build.0 = Release|Any CPU
		{25104B9D-3D18-4BF0-B901-FCBECFD41BCB}.SingleImage|Mixed Platforms.ActiveCfg = Release|Any CPU
		{25104B9D-3D18-4BF0-B901-FCBECFD41BCB}.SingleImage|Mixed Platforms.Build.0 = Release|Any CPU
		{25104B9D-3D18-4BF0-B901-FCBECFD41BCB}.SingleImage|x86.ActiveCfg = Release|Any CPU
		{8639B6D7-DAA9-4F1D-94CC-46D62691D90D}.CD_ROM|Any CPU.ActiveCfg = Release|x86
		{8639B6D7-DAA9-4F1D-94CC-46D62691D90D}.CD_ROM|Mixed Platforms.ActiveCfg = Release|x86
		{8639B6D7-DAA9-4F1D-94CC-46D62691D90D}.CD_ROM|Mixed Platforms.Build.0 = Release|x86
		{8639B6D7-DAA9-4F1D-94CC-46D62691D90D}.CD_ROM|x86.ActiveCfg = Release|x86
		{8639B6D7-DAA9-4F1D-94CC-46D62691D90D}.CD_ROM|x86.Build.0 = Release|x86
		{8639B6D7-DAA9-4F1D-94CC-46D62691D90D}.Debug|Any CPU.ActiveCfg = Debug|x86
		{8639B6D7-DAA9-4F1D-94CC-46D62691D90D}.Debug|Mixed Platforms.ActiveCfg = Debug|x86
		{8639B6D7-DAA9-4F1D-94CC-46D62691D90D}.Debug|Mixed Platforms.Build.0 = Debug|x86
		{8639B6D7-DAA9-4F1D-94CC-46D62691D90D}.Debug|x86.ActiveCfg = Debug|x86
		{8639B6D7-DAA9-4F1D-94CC-46D62691D90D}.Debug|x86.Build.0 = Debug|x86
		{8639B6D7-DAA9-4F1D-94CC-46D62691D90D}.DVD-5|Any CPU.ActiveCfg = Debug|x86
		{8639B6D7-DAA9-4F1D-94CC-46D62691D90D}.DVD-5|Mixed Platforms.ActiveCfg = Debug|x86
		{8639B6D7-DAA9-4F1D-94CC-46D62691D90D}.DVD-5|Mixed Platforms.Build.0 = Debug|x86
		{8639B6D7-DAA9-4F1D-94CC-46D62691D90D}.DVD-5|x86.ActiveCfg = Debug|x86
		{8639B6D7-DAA9-4F1D-94CC-46D62691D90D}.DVD-5|x86.Build.0 = Debug|x86
		{8639B6D7-DAA9-4F1D-94CC-46D62691D90D}.Release|Any CPU.ActiveCfg = Release|x86
		{8639B6D7-DAA9-4F1D-94CC-46D62691D90D}.Release|Mixed Platforms.ActiveCfg = Release|x86
		{8639B6D7-DAA9-4F1D-94CC-46D62691D90D}.Release|Mixed Platforms.Build.0 = Release|x86
		{8639B6D7-DAA9-4F1D-94CC-46D62691D90D}.Release|x86.ActiveCfg = Release|x86
		{8639B6D7-DAA9-4F1D-94CC-46D62691D90D}.Release|x86.Build.0 = Release|x86
		{8639B6D7-DAA9-4F1D-94CC-46D62691D90D}.SingleImage|Any CPU.ActiveCfg = Release|x86
		{8639B6D7-DAA9-4F1D-94CC-46D62691D90D}.SingleImage|Mixed Platforms.ActiveCfg = Release|x86
		{8639B6D7-DAA9-4F1D-94CC-46D62691D90D}.SingleImage|Mixed Platforms.Build.0 = Release|x86
		{8639B6D7-DAA9-4F1D-94CC-46D62691D90D}.SingleImage|x86.ActiveCfg = Release|x86
		{8639B6D7-DAA9-4F1D-94CC-46D62691D90D}.SingleImage|x86.Build.0 = Release|x86
		{D176DA41-12B8-454E-BF6F-AC61BD6C68A8}.CD_ROM|Any CPU.ActiveCfg = CD_ROM
		{D176DA41-12B8-454E-BF6F-AC61BD6C68A8}.CD_ROM|Any CPU.Build.0 = CD_ROM
		{D176DA41-12B8-454E-BF6F-AC61BD6C68A8}.CD_ROM|Mixed Platforms.ActiveCfg = CD_ROM
		{D176DA41-12B8-454E-BF6F-AC61BD6C68A8}.CD_ROM|Mixed Platforms.Build.0 = CD_ROM
		{D176DA41-12B8-454E-BF6F-AC61BD6C68A8}.CD_ROM|x86.ActiveCfg = CD_ROM
		{D176DA41-12B8-454E-BF6F-AC61BD6C68A8}.CD_ROM|x86.Build.0 = CD_ROM
		{D176DA41-12B8-454E-BF6F-AC61BD6C68A8}.Debug|Any CPU.ActiveCfg = DVD-5
		{D176DA41-12B8-454E-BF6F-AC61BD6C68A8}.Debug|Any CPU.Build.0 = DVD-5
		{D176DA41-12B8-454E-BF6F-AC61BD6C68A8}.Debug|Mixed Platforms.ActiveCfg = DVD-5
		{D176DA41-12B8-454E-BF6F-AC61BD6C68A8}.Debug|Mixed Platforms.Build.0 = DVD-5
		{D176DA41-12B8-454E-BF6F-AC61BD6C68A8}.Debug|x86.ActiveCfg = DVD-5
		{D176DA41-12B8-454E-BF6F-AC61BD6C68A8}.Debug|x86.Build.0 = DVD-5
		{D176DA41-12B8-454E-BF6F-AC61BD6C68A8}.DVD-5|Any CPU.ActiveCfg = DVD-5
		{D176DA41-12B8-454E-BF6F-AC61BD6C68A8}.DVD-5|Any CPU.Build.0 = DVD-5
		{D176DA41-12B8-454E-BF6F-AC61BD6C68A8}.DVD-5|Mixed Platforms.ActiveCfg = DVD-5
		{D176DA41-12B8-454E-BF6F-AC61BD6C68A8}.DVD-5|Mixed Platforms.Build.0 = DVD-5
		{D176DA41-12B8-454E-BF6F-AC61BD6C68A8}.DVD-5|x86.ActiveCfg = DVD-5
		{D176DA41-12B8-454E-BF6F-AC61BD6C68A8}.DVD-5|x86.Build.0 = DVD-5
		{D176DA41-12B8-454E-BF6F-AC61BD6C68A8}.Release|Any CPU.ActiveCfg = SingleImage
		{D176DA41-12B8-454E-BF6F-AC61BD6C68A8}.Release|Any CPU.Build.0 = SingleImage
		{D176DA41-12B8-454E-BF6F-AC61BD6C68A8}.Release|Mixed Platforms.ActiveCfg = SingleImage
		{D176DA41-12B8-454E-BF6F-AC61BD6C68A8}.Release|Mixed Platforms.Build.0 = SingleImage
		{D176DA41-12B8-454E-BF6F-AC61BD6C68A8}.Release|x86.ActiveCfg = SingleImage
		{D176DA41-12B8-454E-BF6F-AC61BD6C68A8}.Release|x86.Build.0 = SingleImage
		{D176DA41-12B8-454E-BF6F-AC61BD6C68A8}.SingleImage|Any CPU.ActiveCfg = SingleImage
		{D176DA41-12B8-454E-BF6F-AC61BD6C68A8}.SingleImage|Any CPU.Build.0 = SingleImage
		{D176DA41-12B8-454E-BF6F-AC61BD6C68A8}.SingleImage|Mixed Platforms.ActiveCfg = SingleImage
		{D176DA41-12B8-454E-BF6F-AC61BD6C68A8}.SingleImage|Mixed Platforms.Build.0 = SingleImage
		{D176DA41-12B8-454E-BF6F-AC61BD6C68A8}.SingleImage|x86.ActiveCfg = SingleImage
		{D176DA41-12B8-454E-BF6F-AC61BD6C68A8}.SingleImage|x86.Build.0 = SingleImage
	EndGlobalSection
	GlobalSection(SolutionProperties) = preSolution
		HideSolutionNode = FALSE
	EndGlobalSection
EndGlobal
